<?xml version="1.0" encoding="utf-8"?>
<Project ToolsVersion="4.0" xmlns="http://schemas.microsoft.com/developer/msbuild/2003">
  <ItemGroup>
    <Filter Include="Resource Files">
      <UniqueIdentifier>{67DA6AB6-F800-4c08-8B7A-83BB121AAD01}</UniqueIdentifier>
      <Extensions>rc;ico;cur;bmp;dlg;rc2;rct;bin;rgs;gif;jpg;jpeg;jpe;resx;tiff;tif;png;wav;mfcribbon-ms</Extensions>
    </Filter>
    <Filter Include="Basic">
      <UniqueIdentifier>{cc815381-fb72-47c6-97e0-37a45e5089aa}</UniqueIdentifier>
    </Filter>
    <Filter Include="main">
      <UniqueIdentifier>{5ceaa901-4439-401d-9c77-40dac39df086}</UniqueIdentifier>
    </Filter>
    <Filter Include="Top">
      <UniqueIdentifier>{46640f0d-e23c-433f-87d1-4ff030010d15}</UniqueIdentifier>
    </Filter>
    <Filter Include="Advanced">
      <UniqueIdentifier>{9e3403e0-abf4-4eb6-ad67-72d37d10b100}</UniqueIdentifier>
    </Filter>
    <Filter Include="Test">
      <UniqueIdentifier>{514ac54a-2e6c-43af-af26-7057cfdbd9aa}</UniqueIdentifier>
    </Filter>
  </ItemGroup>
  <ItemGroup>
    <ClCompile Include="Basic\B1003.cpp">
      <Filter>Basic</Filter>
    </ClCompile>
    <ClCompile Include="Basic\StartSelfTest.cpp">
      <Filter>Basic</Filter>
    </ClCompile>
    <ClCompile Include="Template.cpp">
      <Filter>main</Filter>
    </ClCompile>
    <ClCompile Include="Advanced\A1132.cpp">
      <Filter>Advanced</Filter>
    </ClCompile>
    <ClCompile Include="Advanced\A1133.cpp">
      <Filter>Advanced</Filter>
    </ClCompile>
    <ClCompile Include="Advanced\A1136.cpp">
      <Filter>Advanced</Filter>
    </ClCompile>
    <ClCompile Include="Advanced\A1137.cpp">
      <Filter>Advanced</Filter>
    </ClCompile>
    <ClCompile Include="Advanced\A1138.cpp">
      <Filter>Advanced</Filter>
    </ClCompile>
    <ClCompile Include="Advanced\A1139.cpp">
      <Filter>Advanced</Filter>
    </ClCompile>
    <ClCompile Include="Top\T1001.cpp">
      <Filter>Top</Filter>
    </ClCompile>
    <ClCompile Include="Basic\B1001.cpp">
      <Filter>Basic</Filter>
    </ClCompile>
    <ClCompile Include="..\..\vs2015cpp\StanfordAlg\common.cpp">
      <Filter>main</Filter>
    </ClCompile>
    <ClCompile Include="patMain.cpp" />
    <ClCompile Include="Blank.cpp" />
    <ClCompile Include="Advanced\A1022.cpp">
      <Filter>Advanced</Filter>
    </ClCompile>
    <ClCompile Include="Advanced\A1023.cpp">
      <Filter>Advanced</Filter>
    </ClCompile>
    <ClCompile Include="Advanced\A1024.cpp">
      <Filter>Advanced</Filter>
    </ClCompile>
    <ClCompile Include="Advanced\A1025.cpp">
      <Filter>Advanced</Filter>
    </ClCompile>
    <ClCompile Include="Advanced\A1021.cpp">
      <Filter>Advanced</Filter>
    </ClCompile>
    <ClCompile Include="Test\GraphAllPath.cpp">
      <Filter>Test</Filter>
    </ClCompile>
    <ClCompile Include="Test\TestMain.cpp">
      <Filter>Test</Filter>
    </ClCompile>
    <ClCompile Include="Advanced\A1027.cpp">
      <Filter>Advanced</Filter>
    </ClCompile>
    <ClCompile Include="Advanced\A1028.cpp">
      <Filter>Advanced</Filter>
    </ClCompile>
    <ClCompile Include="Advanced\A1029.cpp">
      <Filter>Advanced</Filter>
    </ClCompile>
    <ClCompile Include="Advanced\A1030.cpp">
      <Filter>Advanced</Filter>
    </ClCompile>
    <ClCompile Include="Advanced\A1026.cpp">
      <Filter>Advanced</Filter>
    </ClCompile>
  </ItemGroup>
  <ItemGroup>
    <ClInclude Include="patMain.h">
      <Filter>main</Filter>
    </ClInclude>
    <ClInclude Include="patAdvanced.h">
      <Filter>main</Filter>
    </ClInclude>
    <ClInclude Include="patBasic.h">
      <Filter>main</Filter>
    </ClInclude>
    <ClInclude Include="patTop.h">
      <Filter>main</Filter>
    </ClInclude>
    <ClInclude Include="..\..\vs2015cpp\StanfordAlg\common.h">
      <Filter>main</Filter>
    </ClInclude>
  </ItemGroup>
  <ItemGroup>
    <None Include="list.md" />
    <None Include="note.md" />
  </ItemGroup>
</Project>