
Microsoft Visual Studio Solution File, Format Version 12.00
# Visual Studio 14
VisualStudioVersion = 14.0.25420.1
MinimumVisualStudioVersion = 10.0.40219.1
Project("{8BC9CEB8-8B4A-11D0-8D11-00A0C91BC942}") = "StanfordAlg", "StanfordAlg\StanfordAlg.vcxproj", "{AEF7D5DB-8ADA-4344-9B8C-AA160A4D001E}"
EndProject
Project("{8BC9CEB8-8B4A-11D0-8D11-00A0C91BC942}") = "DPVAlg", "DPVAlg\DPVAlg.vcxproj", "{ABF7537E-EA2B-47BD-8D4E-25CAF0F69309}"
EndProject
Project("{8BC9CEB8-8B4A-11D0-8D11-00A0C91BC942}") = "jTail", "jTail\jTail.vcxproj", "{BE9982E1-3677-46CC-96E1-C92CF2593706}"
EndProject
Project("{8BC9CEB8-8B4A-11D0-8D11-00A0C91BC942}") = "jWait", "jWait\jWait.vcxproj", "{2152744F-FF62-4BD1-86CE-AB1B94AEF66E}"
EndProject
Project("{8BC9CEB8-8B4A-11D0-8D11-00A0C91BC942}") = "PATTest", "PATTest\PATTest.vcxproj", "{A5ABD033-2F1B-4ACC-A35B-DC25A31F3653}"
EndProject
Project("{8BC9CEB8-8B4A-11D0-8D11-00A0C91BC942}") = "SvnInfo2CppSrcStr", "SvnInfo2CppSrcStr\SvnInfo2CppSrcStr.vcxproj", "{35921A83-4A99-405F-8AAE-2C239E32EEDF}"
EndProject
Project("{8BC9CEB8-8B4A-11D0-8D11-00A0C91BC942}") = "TBB", "TBB\TBB.vcxproj", "{7DC0CE95-72D0-4FDF-9B07-211700AC3FAB}"
EndProject
Project("{8BC9CEB8-8B4A-11D0-8D11-00A0C91BC942}") = "FastLog", "FastLog\FastLog.vcxproj", "{1EAB08DF-8894-4336-8932-A17535E39E17}"
EndProject
Project("{8BC9CEB8-8B4A-11D0-8D11-00A0C91BC942}") = "FastLogLinux", "FastLog\FastLogLinux.vcxproj", "{CF297EBE-ED3E-4FED-B714-9AF1C1F6653E}"
EndProject
Project("{8BC9CEB8-8B4A-11D0-8D11-00A0C91BC942}") = "UdpTest", "UdpTest\UdpTest.vcxproj", "{F63F957C-CEC9-4104-A71F-BE9AEE93165A}"
EndProject
Global
	GlobalSection(SolutionConfigurationPlatforms) = preSolution
		Debug|ARM = Debug|ARM
		Debug|Win32 = Debug|Win32
		Debug|x64 = Debug|x64
		Release|ARM = Release|ARM
		Release|Win32 = Release|Win32
		Release|x64 = Release|x64
	EndGlobalSection
	GlobalSection(ProjectConfigurationPlatforms) = postSolution
		{AEF7D5DB-8ADA-4344-9B8C-AA160A4D001E}.Debug|ARM.ActiveCfg = Debug|Win32
		{AEF7D5DB-8ADA-4344-9B8C-AA160A4D001E}.Debug|Win32.ActiveCfg = Debug|Win32
		{AEF7D5DB-8ADA-4344-9B8C-AA160A4D001E}.Debug|Win32.Build.0 = Debug|Win32
		{AEF7D5DB-8ADA-4344-9B8C-AA160A4D001E}.Debug|x64.ActiveCfg = Debug|x64
		{AEF7D5DB-8ADA-4344-9B8C-AA160A4D001E}.Debug|x64.Build.0 = Debug|x64
		{AEF7D5DB-8ADA-4344-9B8C-AA160A4D001E}.Release|ARM.ActiveCfg = Release|Win32
		{AEF7D5DB-8ADA-4344-9B8C-AA160A4D001E}.Release|Win32.ActiveCfg = Release|Win32
		{AEF7D5DB-8ADA-4344-9B8C-AA160A4D001E}.Release|Win32.Build.0 = Release|Win32
		{AEF7D5DB-8ADA-4344-9B8C-AA160A4D001E}.Release|x64.ActiveCfg = Release|x64
		{AEF7D5DB-8ADA-4344-9B8C-AA160A4D001E}.Release|x64.Build.0 = Release|x64
		{ABF7537E-EA2B-47BD-8D4E-25CAF0F69309}.Debug|ARM.ActiveCfg = Debug|Win32
		{ABF7537E-EA2B-47BD-8D4E-25CAF0F69309}.Debug|Win32.ActiveCfg = Debug|Win32
		{ABF7537E-EA2B-47BD-8D4E-25CAF0F69309}.Debug|Win32.Build.0 = Debug|Win32
		{ABF7537E-EA2B-47BD-8D4E-25CAF0F69309}.Debug|x64.ActiveCfg = Debug|x64
		{ABF7537E-EA2B-47BD-8D4E-25CAF0F69309}.Debug|x64.Build.0 = Debug|x64
		{ABF7537E-EA2B-47BD-8D4E-25CAF0F69309}.Release|ARM.ActiveCfg = Release|Win32
		{ABF7537E-EA2B-47BD-8D4E-25CAF0F69309}.Release|Win32.ActiveCfg = Release|Win32
		{ABF7537E-EA2B-47BD-8D4E-25CAF0F69309}.Release|Win32.Build.0 = Release|Win32
		{ABF7537E-EA2B-47BD-8D4E-25CAF0F69309}.Release|x64.ActiveCfg = Release|x64
		{ABF7537E-EA2B-47BD-8D4E-25CAF0F69309}.Release|x64.Build.0 = Release|x64
		{BE9982E1-3677-46CC-96E1-C92CF2593706}.Debug|ARM.ActiveCfg = Debug|Win32
		{BE9982E1-3677-46CC-96E1-C92CF2593706}.Debug|Win32.ActiveCfg = Debug|Win32
		{BE9982E1-3677-46CC-96E1-C92CF2593706}.Debug|Win32.Build.0 = Debug|Win32
		{BE9982E1-3677-46CC-96E1-C92CF2593706}.Debug|x64.ActiveCfg = Debug|x64
		{BE9982E1-3677-46CC-96E1-C92CF2593706}.Debug|x64.Build.0 = Debug|x64
		{BE9982E1-3677-46CC-96E1-C92CF2593706}.Release|ARM.ActiveCfg = Release|Win32
		{BE9982E1-3677-46CC-96E1-C92CF2593706}.Release|Win32.ActiveCfg = Release|Win32
		{BE9982E1-3677-46CC-96E1-C92CF2593706}.Release|Win32.Build.0 = Release|Win32
		{BE9982E1-3677-46CC-96E1-C92CF2593706}.Release|x64.ActiveCfg = Release|x64
		{BE9982E1-3677-46CC-96E1-C92CF2593706}.Release|x64.Build.0 = Release|x64
		{2152744F-FF62-4BD1-86CE-AB1B94AEF66E}.Debug|ARM.ActiveCfg = Debug|Win32
		{2152744F-FF62-4BD1-86CE-AB1B94AEF66E}.Debug|Win32.ActiveCfg = Debug|Win32
		{2152744F-FF62-4BD1-86CE-AB1B94AEF66E}.Debug|Win32.Build.0 = Debug|Win32
		{2152744F-FF62-4BD1-86CE-AB1B94AEF66E}.Debug|x64.ActiveCfg = Debug|x64
		{2152744F-FF62-4BD1-86CE-AB1B94AEF66E}.Debug|x64.Build.0 = Debug|x64
		{2152744F-FF62-4BD1-86CE-AB1B94AEF66E}.Release|ARM.ActiveCfg = Release|Win32
		{2152744F-FF62-4BD1-86CE-AB1B94AEF66E}.Release|Win32.ActiveCfg = Release|Win32
		{2152744F-FF62-4BD1-86CE-AB1B94AEF66E}.Release|Win32.Build.0 = Release|Win32
		{2152744F-FF62-4BD1-86CE-AB1B94AEF66E}.Release|x64.ActiveCfg = Release|x64
		{2152744F-FF62-4BD1-86CE-AB1B94AEF66E}.Release|x64.Build.0 = Release|x64
		{A5ABD033-2F1B-4ACC-A35B-DC25A31F3653}.Debug|ARM.ActiveCfg = Debug|Win32
		{A5ABD033-2F1B-4ACC-A35B-DC25A31F3653}.Debug|Win32.ActiveCfg = Debug|Win32
		{A5ABD033-2F1B-4ACC-A35B-DC25A31F3653}.Debug|Win32.Build.0 = Debug|Win32
		{A5ABD033-2F1B-4ACC-A35B-DC25A31F3653}.Debug|x64.ActiveCfg = Debug|x64
		{A5ABD033-2F1B-4ACC-A35B-DC25A31F3653}.Debug|x64.Build.0 = Debug|x64
		{A5ABD033-2F1B-4ACC-A35B-DC25A31F3653}.Release|ARM.ActiveCfg = Release|Win32
		{A5ABD033-2F1B-4ACC-A35B-DC25A31F3653}.Release|Win32.ActiveCfg = Release|Win32
		{A5ABD033-2F1B-4ACC-A35B-DC25A31F3653}.Release|Win32.Build.0 = Release|Win32
		{A5ABD033-2F1B-4ACC-A35B-DC25A31F3653}.Release|x64.ActiveCfg = Release|x64
		{A5ABD033-2F1B-4ACC-A35B-DC25A31F3653}.Release|x64.Build.0 = Release|x64
		{35921A83-4A99-405F-8AAE-2C239E32EEDF}.Debug|ARM.ActiveCfg = Debug|Win32
		{35921A83-4A99-405F-8AAE-2C239E32EEDF}.Debug|Win32.ActiveCfg = Debug|Win32
		{35921A83-4A99-405F-8AAE-2C239E32EEDF}.Debug|Win32.Build.0 = Debug|Win32
		{35921A83-4A99-405F-8AAE-2C239E32EEDF}.Debug|x64.ActiveCfg = Debug|x64
		{35921A83-4A99-405F-8AAE-2C239E32EEDF}.Debug|x64.Build.0 = Debug|x64
		{35921A83-4A99-405F-8AAE-2C239E32EEDF}.Release|ARM.ActiveCfg = Release|Win32
		{35921A83-4A99-405F-8AAE-2C239E32EEDF}.Release|Win32.ActiveCfg = Release|Win32
		{35921A83-4A99-405F-8AAE-2C239E32EEDF}.Release|Win32.Build.0 = Release|Win32
		{35921A83-4A99-405F-8AAE-2C239E32EEDF}.Release|x64.ActiveCfg = Release|x64
		{35921A83-4A99-405F-8AAE-2C239E32EEDF}.Release|x64.Build.0 = Release|x64
		{7DC0CE95-72D0-4FDF-9B07-211700AC3FAB}.Debug|ARM.ActiveCfg = Debug|Win32
		{7DC0CE95-72D0-4FDF-9B07-211700AC3FAB}.Debug|Win32.ActiveCfg = Debug|Win32
		{7DC0CE95-72D0-4FDF-9B07-211700AC3FAB}.Debug|Win32.Build.0 = Debug|Win32
		{7DC0CE95-72D0-4FDF-9B07-211700AC3FAB}.Debug|x64.ActiveCfg = Debug|x64
		{7DC0CE95-72D0-4FDF-9B07-211700AC3FAB}.Debug|x64.Build.0 = Debug|x64
		{7DC0CE95-72D0-4FDF-9B07-211700AC3FAB}.Release|ARM.ActiveCfg = Release|Win32
		{7DC0CE95-72D0-4FDF-9B07-211700AC3FAB}.Release|Win32.ActiveCfg = Release|Win32
		{7DC0CE95-72D0-4FDF-9B07-211700AC3FAB}.Release|Win32.Build.0 = Release|Win32
		{7DC0CE95-72D0-4FDF-9B07-211700AC3FAB}.Release|x64.ActiveCfg = Release|x64
		{7DC0CE95-72D0-4FDF-9B07-211700AC3FAB}.Release|x64.Build.0 = Release|x64
		{1EAB08DF-8894-4336-8932-A17535E39E17}.Debug|ARM.ActiveCfg = Debug|Win32
		{1EAB08DF-8894-4336-8932-A17535E39E17}.Debug|Win32.ActiveCfg = Debug|Win32
		{1EAB08DF-8894-4336-8932-A17535E39E17}.Debug|Win32.Build.0 = Debug|Win32
		{1EAB08DF-8894-4336-8932-A17535E39E17}.Debug|x64.ActiveCfg = Debug|x64
		{1EAB08DF-8894-4336-8932-A17535E39E17}.Debug|x64.Build.0 = Debug|x64
		{1EAB08DF-8894-4336-8932-A17535E39E17}.Release|ARM.ActiveCfg = Release|Win32
		{1EAB08DF-8894-4336-8932-A17535E39E17}.Release|Win32.ActiveCfg = Release|Win32
		{1EAB08DF-8894-4336-8932-A17535E39E17}.Release|Win32.Build.0 = Release|Win32
		{1EAB08DF-8894-4336-8932-A17535E39E17}.Release|x64.ActiveCfg = Release|x64
		{1EAB08DF-8894-4336-8932-A17535E39E17}.Release|x64.Build.0 = Release|x64
		{CF297EBE-ED3E-4FED-B714-9AF1C1F6653E}.Debug|ARM.ActiveCfg = Debug|ARM
		{CF297EBE-ED3E-4FED-B714-9AF1C1F6653E}.Debug|ARM.Build.0 = Debug|ARM
		{CF297EBE-ED3E-4FED-B714-9AF1C1F6653E}.Debug|Win32.ActiveCfg = Debug|x86
		{CF297EBE-ED3E-4FED-B714-9AF1C1F6653E}.Debug|Win32.Build.0 = Debug|x86
		{CF297EBE-ED3E-4FED-B714-9AF1C1F6653E}.Debug|x64.ActiveCfg = Debug|x64
		{CF297EBE-ED3E-4FED-B714-9AF1C1F6653E}.Debug|x64.Build.0 = Debug|x64
		{CF297EBE-ED3E-4FED-B714-9AF1C1F6653E}.Release|ARM.ActiveCfg = Release|ARM
		{CF297EBE-ED3E-4FED-B714-9AF1C1F6653E}.Release|ARM.Build.0 = Release|ARM
		{CF297EBE-ED3E-4FED-B714-9AF1C1F6653E}.Release|Win32.ActiveCfg = Release|x86
		{CF297EBE-ED3E-4FED-B714-9AF1C1F6653E}.Release|Win32.Build.0 = Release|x86
		{CF297EBE-ED3E-4FED-B714-9AF1C1F6653E}.Release|x64.ActiveCfg = Release|x64
		{CF297EBE-ED3E-4FED-B714-9AF1C1F6653E}.Release|x64.Build.0 = Release|x64
		{F63F957C-CEC9-4104-A71F-BE9AEE93165A}.Debug|ARM.ActiveCfg = Debug|Win32
		{F63F957C-CEC9-4104-A71F-BE9AEE93165A}.Debug|Win32.ActiveCfg = Debug|Win32
		{F63F957C-CEC9-4104-A71F-BE9AEE93165A}.Debug|Win32.Build.0 = Debug|Win32
		{F63F957C-CEC9-4104-A71F-BE9AEE93165A}.Debug|x64.ActiveCfg = Debug|x64
		{F63F957C-CEC9-4104-A71F-BE9AEE93165A}.Debug|x64.Build.0 = Debug|x64
		{F63F957C-CEC9-4104-A71F-BE9AEE93165A}.Release|ARM.ActiveCfg = Release|Win32
		{F63F957C-CEC9-4104-A71F-BE9AEE93165A}.Release|Win32.ActiveCfg = Release|Win32
		{F63F957C-CEC9-4104-A71F-BE9AEE93165A}.Release|Win32.Build.0 = Release|Win32
		{F63F957C-CEC9-4104-A71F-BE9AEE93165A}.Release|x64.ActiveCfg = Release|x64
		{F63F957C-CEC9-4104-A71F-BE9AEE93165A}.Release|x64.Build.0 = Release|x64
	EndGlobalSection
	GlobalSection(SolutionProperties) = preSolution
		HideSolutionNode = FALSE
	EndGlobalSection
EndGlobal
