
Microsoft Visual Studio Solution File, Format Version 12.00
# Visual Studio 14
VisualStudioVersion = 14.0.25420.1
MinimumVisualStudioVersion = 10.0.40219.1
Project("{888888A0-9F3D-457C-B088-3A5042F75D52}") = "pythons", "pythons\pythons.pyproj", "{66FE8F33-DE22-4C6D-BDBC-34693468A442}"
EndProject
Project("{888888A0-9F3D-457C-B088-3A5042F75D52}") = "coursera", "coursera\coursera.pyproj", "{425191BA-4766-4B83-9943-70BA8E2E73A0}"
EndProject
Global
	GlobalSection(SolutionConfigurationPlatforms) = preSolution
		Debug|Any CPU = Debug|Any CPU
		Release|Any CPU = Release|Any CPU
	EndGlobalSection
	GlobalSection(ProjectConfigurationPlatforms) = postSolution
		{66FE8F33-DE22-4C6D-BDBC-34693468A442}.Debug|Any CPU.ActiveCfg = Debug|Any CPU
		{66FE8F33-DE22-4C6D-BDBC-34693468A442}.Release|Any CPU.ActiveCfg = Release|Any CPU
		{425191BA-4766-4B83-9943-70BA8E2E73A0}.Debug|Any CPU.ActiveCfg = Debug|Any CPU
		{425191BA-4766-4B83-9943-70BA8E2E73A0}.Release|Any CPU.ActiveCfg = Release|Any CPU
	EndGlobalSection
	GlobalSection(SolutionProperties) = preSolution
		HideSolutionNode = FALSE
	EndGlobalSection
	GlobalSection(ExtensibilityGlobals) = postSolution
		SolutionGuid = {4279D127-B930-4836-82A1-646BA3E6730D}
	EndGlobalSection
EndGlobal
